
Microsoft Visual Studio Solution File, Format Version 12.00
# Visual Studio Version 17
VisualStudioVersion = 17.4.33122.133
MinimumVisualStudioVersion = 10.0.40219.1
Project("{9A19103F-16F7-4668-BE54-9A1E7A4F7556}") = "LOTR-SDK", "LOTR-SDK.csproj", "{B3FC6E68-C40D-4774-8310-E93FEAB8B3DA}"
EndProject
Project("{9A19103F-16F7-4668-BE54-9A1E7A4F7556}") = "TestingSDK", "..\TestLibrary2\TestingSDK.csproj", "{929D837C-9E23-4CE3-97F7-D96BBEA0214F}"
EndProject
Global
	GlobalSection(SolutionConfigurationPlatforms) = preSolution
		Debug|Any CPU = Debug|Any CPU
		Release|Any CPU = Release|Any CPU
	EndGlobalSection
	GlobalSection(ProjectConfigurationPlatforms) = postSolution
		{B3FC6E68-C40D-4774-8310-E93FEAB8B3DA}.Debug|Any CPU.ActiveCfg = Debug|Any CPU
		{B3FC6E68-C40D-4774-8310-E93FEAB8B3DA}.Debug|Any CPU.Build.0 = Debug|Any CPU
		{B3FC6E68-C40D-4774-8310-E93FEAB8B3DA}.Release|Any CPU.ActiveCfg = Release|Any CPU
		{B3FC6E68-C40D-4774-8310-E93FEAB8B3DA}.Release|Any CPU.Build.0 = Release|Any CPU
		{929D837C-9E23-4CE3-97F7-D96BBEA0214F}.Debug|Any CPU.ActiveCfg = Debug|Any CPU
		{929D837C-9E23-4CE3-97F7-D96BBEA0214F}.Debug|Any CPU.Build.0 = Debug|Any CPU
		{929D837C-9E23-4CE3-97F7-D96BBEA0214F}.Release|Any CPU.ActiveCfg = Release|Any CPU
		{929D837C-9E23-4CE3-97F7-D96BBEA0214F}.Release|Any CPU.Build.0 = Release|Any CPU
	EndGlobalSection
	GlobalSection(SolutionProperties) = preSolution
		HideSolutionNode = FALSE
	EndGlobalSection
	GlobalSection(ExtensibilityGlobals) = postSolution
		SolutionGuid = {568ECF3B-163F-41C2-AAE3-44249C877004}
	EndGlobalSection
EndGlobal
